%{"cqerl": {:git, "https://github.com/hippware/cqerl.git", "7db879993dde2f0432f5c45111223a1e7edfe580", [branch: "working-2.0"]},
  "dialyxir": {:hex, :dialyxir, "0.3.5", "eaba092549e044c76f83165978979f60110dc58dd5b92fd952bf2312f64e9b14", [:mix], []},
  "erlando": {:git, "https://github.com/rabbitmq/erlando.git", "1c1ef25a9bc228671b32b4a6ee30c7525314b1fd", [branch: "master"]},
  "erlang_murmurhash": {:git, "https://github.com/hippware/erlang-murmurhash.git", "73fe63aad252c9d503c889935f30370995026403", [branch: "master"]},
  "lz4": {:git, "https://github.com/szktty/erlang-lz4.git", "30878eafeff35939052c2cafe17d21c95029d3a1", [tag: "0.2.2"]},
  "quickrand": {:git, "https://github.com/okeuday/quickrand.git", "8b6810b73427745bb6d4f10ae9bfc66983b3b2a1", [branch: "master"]},
  "re2": {:git, "https://github.com/tuncer/re2.git", "0afa670c007fbfe2f155d04995362f5fb6f27a11", [tag: "v1.4.0"]},
  "semver": {:git, "https://github.com/nebularis/semver.git", "c7d509f38298ec6594be4efdcd8a8f2322760039", [branch: "master"]},
  "snappy": {:git, "https://github.com/fdmanana/snappy-erlang-nif.git", "c4cd1bb35f3a3a399737d64bd03b479817b90e75", [branch: "master"]},
  "uuid": {:git, "https://github.com/okeuday/uuid.git", "4b705b22f5d095970558d904e43c4354bd0e0a7f", [tag: "v1.5.1.1"]}}
