%{"bunt": {:hex, :bunt, "0.1.6", "5d95a6882f73f3b9969fdfd1953798046664e6f77ec4e486e6fafc7caad97c6f", [:mix], []},
  "cqerl": {:git, "https://github.com/hippware/cqerl.git", "7db879993dde2f0432f5c45111223a1e7edfe580", [branch: "working-2.0"]},
  "credo": {:hex, :credo, "0.4.5", "5c5daaf50a2a96068c0f21b6fbd382d206702efa8836a946eeab0b8ac25f5f22", [:mix], [{:bunt, "~> 0.1.6", [hex: :bunt, optional: false]}]},
  "dialyxir": {:hex, :dialyxir, "0.3.5", "eaba092549e044c76f83165978979f60110dc58dd5b92fd952bf2312f64e9b14", [:mix], []},
  "dogma": {:hex, :dogma, "0.1.7", "927f76a89a809db96e0983b922fc899f601352690aefa123529b8aa0c45123b2", [:mix], [{:poison, ">= 1.0.0", [hex: :poison, optional: false]}]},
  "erlando": {:git, "https://github.com/rabbitmq/erlando.git", "1c1ef25a9bc228671b32b4a6ee30c7525314b1fd", [branch: "master"]},
  "erlang_murmurhash": {:git, "https://github.com/hippware/erlang-murmurhash.git", "73fe63aad252c9d503c889935f30370995026403", [branch: "master"]},
  "lz4": {:git, "https://github.com/szktty/erlang-lz4.git", "30878eafeff35939052c2cafe17d21c95029d3a1", [tag: "0.2.2"]},
  "poison": {:hex, :poison, "2.2.0", "4763b69a8a77bd77d26f477d196428b741261a761257ff1cf92753a0d4d24a63", [:mix], []},
  "quickrand": {:git, "https://github.com/okeuday/quickrand.git", "8b6810b73427745bb6d4f10ae9bfc66983b3b2a1", [branch: "master"]},
  "re2": {:git, "https://github.com/tuncer/re2.git", "0afa670c007fbfe2f155d04995362f5fb6f27a11", [tag: "v1.4.0"]},
  "semver": {:git, "https://github.com/nebularis/semver.git", "c7d509f38298ec6594be4efdcd8a8f2322760039", [branch: "master"]},
  "snappy": {:git, "https://github.com/fdmanana/snappy-erlang-nif.git", "c4cd1bb35f3a3a399737d64bd03b479817b90e75", [branch: "master"]},
  "uuid": {:git, "https://github.com/okeuday/uuid.git", "4b705b22f5d095970558d904e43c4354bd0e0a7f", [tag: "v1.5.1.1"]}}
